
Microsoft Visual Studio Solution File, Format Version 12.00
# Visual Studio Version 16
VisualStudioVersion = 16.0.29926.136
MinimumVisualStudioVersion = 10.0.40219.1
Project("{FAE04EC0-301F-11D3-BF4B-00C04F79EFBC}") = "TaskApp", "TaskApp\TaskApp.csproj", "{47A70B14-4531-4DA3-87D1-97CBD2F096FF}"
EndProject
Global
	GlobalSection(SolutionConfigurationPlatforms) = preSolution
		Debug|Any CPU = Debug|Any CPU
		Release|Any CPU = Release|Any CPU
	EndGlobalSection
	GlobalSection(ProjectConfigurationPlatforms) = postSolution
		{47A70B14-4531-4DA3-87D1-97CBD2F096FF}.Debug|Any CPU.ActiveCfg = Debug|Any CPU
		{47A70B14-4531-4DA3-87D1-97CBD2F096FF}.Debug|Any CPU.Build.0 = Debug|Any CPU
		{47A70B14-4531-4DA3-87D1-97CBD2F096FF}.Release|Any CPU.ActiveCfg = Release|Any CPU
		{47A70B14-4531-4DA3-87D1-97CBD2F096FF}.Release|Any CPU.Build.0 = Release|Any CPU
	EndGlobalSection
	GlobalSection(SolutionProperties) = preSolution
		HideSolutionNode = FALSE
	EndGlobalSection
	GlobalSection(ExtensibilityGlobals) = postSolution
		SolutionGuid = {6F96F094-8715-4B38-81A0-39D08CC9D506}
	EndGlobalSection
EndGlobal
